
Microsoft Visual Studio Solution File, Format Version 12.00
# Visual Studio 15
VisualStudioVersion = 15.0.28010.2041
MinimumVisualStudioVersion = 10.0.40219.1
Project("{2150E333-8FDC-42A3-9474-1A3956D46DE8}") = "Solution Items", "Solution Items", "{A81A55EA-8D8A-45BE-BDAC-F800233242B0}"
	ProjectSection(SolutionItems) = preProject
		mascotas.html = mascotas.html
		script.js = script.js
	EndProjectSection
EndProject
Global
	GlobalSection(SolutionProperties) = preSolution
		HideSolutionNode = FALSE
	EndGlobalSection
	GlobalSection(ExtensibilityGlobals) = postSolution
		SolutionGuid = {999D94C9-719B-4EF5-BAFD-1876CD4384C0}
	EndGlobalSection
EndGlobal
