
Microsoft Visual Studio Solution File, Format Version 12.00
# Visual Studio 15
VisualStudioVersion = 15.0.28010.2041
MinimumVisualStudioVersion = 10.0.40219.1
Project("{2150E333-8FDC-42A3-9474-1A3956D46DE8}") = "Solution Items", "Solution Items", "{D289CECB-2190-4734-8DDF-D4F45A38DAB5}"
	ProjectSection(SolutionItems) = preProject
		app.js = app.js
		HTML1.html = HTML1.html
		HTML2.html = HTML2.html
	EndProjectSection
EndProject
Global
	GlobalSection(SolutionProperties) = preSolution
		HideSolutionNode = FALSE
	EndGlobalSection
	GlobalSection(ExtensibilityGlobals) = postSolution
		SolutionGuid = {B3EE9163-FA9C-4325-915B-75CC046382DD}
	EndGlobalSection
EndGlobal
