
Microsoft Visual Studio Solution File, Format Version 12.00
# Visual Studio 15
VisualStudioVersion = 15.0.28010.2041
MinimumVisualStudioVersion = 10.0.40219.1
Project("{2150E333-8FDC-42A3-9474-1A3956D46DE8}") = "Solution Items", "Solution Items", "{85281BFC-8751-4058-80EE-B6393416337E}"
	ProjectSection(SolutionItems) = preProject
		app.js = app.js
		indexedDB.html = indexedDB.html
	EndProjectSection
EndProject
Global
	GlobalSection(SolutionProperties) = preSolution
		HideSolutionNode = FALSE
	EndGlobalSection
	GlobalSection(ExtensibilityGlobals) = postSolution
		SolutionGuid = {B4F116A3-0410-460F-88D6-82198E90B53C}
	EndGlobalSection
EndGlobal
