
Microsoft Visual Studio Solution File, Format Version 12.00
# Visual Studio 15
VisualStudioVersion = 15.0.28010.2041
MinimumVisualStudioVersion = 10.0.40219.1
Project("{2150E333-8FDC-42A3-9474-1A3956D46DE8}") = "Solution Items", "Solution Items", "{5C780A8D-6E49-46D7-96B5-CF4490620C98}"
	ProjectSection(SolutionItems) = preProject
		..\..\..\..\Downloads\antelope-canyon-arizona-beam-33041.jpg = ..\..\..\..\Downloads\antelope-canyon-arizona-beam-33041.jpg
		HTMLPage1.html = HTMLPage1.html
		StyleSheet1.css = StyleSheet1.css
	EndProjectSection
EndProject
Global
	GlobalSection(SolutionProperties) = preSolution
		HideSolutionNode = FALSE
	EndGlobalSection
	GlobalSection(ExtensibilityGlobals) = postSolution
		SolutionGuid = {69B5A774-4E61-45F6-9E56-8ADFB42DC446}
	EndGlobalSection
EndGlobal
