
Microsoft Visual Studio Solution File, Format Version 12.00
# Visual Studio 15
VisualStudioVersion = 15.0.28010.2041
MinimumVisualStudioVersion = 10.0.40219.1
Project("{2150E333-8FDC-42A3-9474-1A3956D46DE8}") = "Solution Items", "Solution Items", "{53940800-0773-46C6-9732-77CF8C68AEFB}"
	ProjectSection(SolutionItems) = preProject
		app.js = app.js
		HTML1.html = HTML1.html
		HTML2.html = HTML2.html
	EndProjectSection
EndProject
Global
	GlobalSection(SolutionProperties) = preSolution
		HideSolutionNode = FALSE
	EndGlobalSection
	GlobalSection(ExtensibilityGlobals) = postSolution
		SolutionGuid = {8644968B-AB52-4E71-B509-CB893050F6D1}
	EndGlobalSection
EndGlobal
