
Microsoft Visual Studio Solution File, Format Version 12.00
# Visual Studio 15
VisualStudioVersion = 15.0.28010.2041
MinimumVisualStudioVersion = 10.0.40219.1
Project("{2150E333-8FDC-42A3-9474-1A3956D46DE8}") = "Solution Items", "Solution Items", "{5AF62A2A-C9A0-4FB9-BA3F-4E3EF12CB0A1}"
	ProjectSection(SolutionItems) = preProject
		app.js = app.js
		index.html = index.html
		logo.png = logo.png
		Style.css = Style.css
	EndProjectSection
EndProject
Global
	GlobalSection(SolutionProperties) = preSolution
		HideSolutionNode = FALSE
	EndGlobalSection
	GlobalSection(ExtensibilityGlobals) = postSolution
		SolutionGuid = {0B23A296-0992-4964-86CA-53052F62C27B}
	EndGlobalSection
EndGlobal
