
Microsoft Visual Studio Solution File, Format Version 12.00
# Visual Studio 15
VisualStudioVersion = 15.0.28010.2041
MinimumVisualStudioVersion = 10.0.40219.1
Project("{2150E333-8FDC-42A3-9474-1A3956D46DE8}") = "Solution Items", "Solution Items", "{6B38BE90-133E-4176-8F65-6C43F800F47E}"
	ProjectSection(SolutionItems) = preProject
		HTMLPage.html = HTMLPage.html
		Script.js = Script.js
		Style.css = Style.css
	EndProjectSection
EndProject
Global
	GlobalSection(SolutionProperties) = preSolution
		HideSolutionNode = FALSE
	EndGlobalSection
	GlobalSection(ExtensibilityGlobals) = postSolution
		SolutionGuid = {50E17ED1-EFA7-4091-9727-D3D341D71923}
	EndGlobalSection
EndGlobal
